
Microsoft Visual Studio Solution File, Format Version 12.00
# Visual Studio Express 2012 for Web
Project("{FAE04EC0-301F-11D3-BF4B-00C04F79EFBC}") = "FractionCalculator", "FractionCalculator\FractionCalculator.csproj", "{DCF3B54A-E4A5-45F2-89F5-8F3F3981E075}"
EndProject
Project("{FAE04EC0-301F-11D3-BF4B-00C04F79EFBC}") = "FactorCalculator", "Factors\FactorCalculator.csproj", "{1D9149BF-AB87-4F6E-9F75-1A9A20D83E51}"
EndProject
Project("{FAE04EC0-301F-11D3-BF4B-00C04F79EFBC}") = "FactorsTest", "FactorsTest\FactorsTest.csproj", "{908A7C6C-FAD7-4FCF-B10E-B73F82AC756D}"
EndProject
Project("{FAE04EC0-301F-11D3-BF4B-00C04F79EFBC}") = "FractionCalculatorTest", "FractionCalculatorTest\FractionCalculatorTest.csproj", "{1A6B5DAE-EBC2-47A9-B05D-B4CE18F154E7}"
EndProject
Project("{FAE04EC0-301F-11D3-BF4B-00C04F79EFBC}") = "Demo", "Demo\Demo.csproj", "{D3230C49-409F-4826-9E18-BF9667F12055}"
EndProject
Global
	GlobalSection(SolutionConfigurationPlatforms) = preSolution
		Debug|Any CPU = Debug|Any CPU
		Release|Any CPU = Release|Any CPU
	EndGlobalSection
	GlobalSection(ProjectConfigurationPlatforms) = postSolution
		{DCF3B54A-E4A5-45F2-89F5-8F3F3981E075}.Debug|Any CPU.ActiveCfg = Debug|Any CPU
		{DCF3B54A-E4A5-45F2-89F5-8F3F3981E075}.Debug|Any CPU.Build.0 = Debug|Any CPU
		{DCF3B54A-E4A5-45F2-89F5-8F3F3981E075}.Release|Any CPU.ActiveCfg = Release|Any CPU
		{DCF3B54A-E4A5-45F2-89F5-8F3F3981E075}.Release|Any CPU.Build.0 = Release|Any CPU
		{1D9149BF-AB87-4F6E-9F75-1A9A20D83E51}.Debug|Any CPU.ActiveCfg = Debug|Any CPU
		{1D9149BF-AB87-4F6E-9F75-1A9A20D83E51}.Debug|Any CPU.Build.0 = Debug|Any CPU
		{1D9149BF-AB87-4F6E-9F75-1A9A20D83E51}.Release|Any CPU.ActiveCfg = Release|Any CPU
		{1D9149BF-AB87-4F6E-9F75-1A9A20D83E51}.Release|Any CPU.Build.0 = Release|Any CPU
		{908A7C6C-FAD7-4FCF-B10E-B73F82AC756D}.Debug|Any CPU.ActiveCfg = Debug|Any CPU
		{908A7C6C-FAD7-4FCF-B10E-B73F82AC756D}.Debug|Any CPU.Build.0 = Debug|Any CPU
		{908A7C6C-FAD7-4FCF-B10E-B73F82AC756D}.Release|Any CPU.ActiveCfg = Release|Any CPU
		{908A7C6C-FAD7-4FCF-B10E-B73F82AC756D}.Release|Any CPU.Build.0 = Release|Any CPU
		{1A6B5DAE-EBC2-47A9-B05D-B4CE18F154E7}.Debug|Any CPU.ActiveCfg = Debug|Any CPU
		{1A6B5DAE-EBC2-47A9-B05D-B4CE18F154E7}.Debug|Any CPU.Build.0 = Debug|Any CPU
		{1A6B5DAE-EBC2-47A9-B05D-B4CE18F154E7}.Release|Any CPU.ActiveCfg = Release|Any CPU
		{1A6B5DAE-EBC2-47A9-B05D-B4CE18F154E7}.Release|Any CPU.Build.0 = Release|Any CPU
		{D3230C49-409F-4826-9E18-BF9667F12055}.Debug|Any CPU.ActiveCfg = Debug|Any CPU
		{D3230C49-409F-4826-9E18-BF9667F12055}.Debug|Any CPU.Build.0 = Debug|Any CPU
		{D3230C49-409F-4826-9E18-BF9667F12055}.Release|Any CPU.ActiveCfg = Release|Any CPU
		{D3230C49-409F-4826-9E18-BF9667F12055}.Release|Any CPU.Build.0 = Release|Any CPU
	EndGlobalSection
	GlobalSection(SolutionProperties) = preSolution
		HideSolutionNode = FALSE
	EndGlobalSection
EndGlobal
