
Microsoft Visual Studio Solution File, Format Version 12.00
# Visual Studio Express 2012 for Web
Project("{FAE04EC0-301F-11D3-BF4B-00C04F79EFBC}") = "WebServiceSample", "WebServiceSample\WebServiceSample.csproj", "{64F6C564-77C6-41BF-8687-78465F4650B6}"
EndProject
Project("{FAE04EC0-301F-11D3-BF4B-00C04F79EFBC}") = "WebFormsClient", "WebFormsClient\WebFormsClient.csproj", "{06B29D29-44F8-4871-B61F-C46D9E2460E1}"
	ProjectSection(ProjectDependencies) = postProject
		{64F6C564-77C6-41BF-8687-78465F4650B6} = {64F6C564-77C6-41BF-8687-78465F4650B6}
	EndProjectSection
EndProject
Global
	GlobalSection(SolutionConfigurationPlatforms) = preSolution
		Debug|Any CPU = Debug|Any CPU
		Release|Any CPU = Release|Any CPU
	EndGlobalSection
	GlobalSection(ProjectConfigurationPlatforms) = postSolution
		{64F6C564-77C6-41BF-8687-78465F4650B6}.Debug|Any CPU.ActiveCfg = Debug|Any CPU
		{64F6C564-77C6-41BF-8687-78465F4650B6}.Debug|Any CPU.Build.0 = Debug|Any CPU
		{64F6C564-77C6-41BF-8687-78465F4650B6}.Release|Any CPU.ActiveCfg = Release|Any CPU
		{64F6C564-77C6-41BF-8687-78465F4650B6}.Release|Any CPU.Build.0 = Release|Any CPU
		{06B29D29-44F8-4871-B61F-C46D9E2460E1}.Debug|Any CPU.ActiveCfg = Debug|Any CPU
		{06B29D29-44F8-4871-B61F-C46D9E2460E1}.Debug|Any CPU.Build.0 = Debug|Any CPU
		{06B29D29-44F8-4871-B61F-C46D9E2460E1}.Release|Any CPU.ActiveCfg = Release|Any CPU
		{06B29D29-44F8-4871-B61F-C46D9E2460E1}.Release|Any CPU.Build.0 = Release|Any CPU
	EndGlobalSection
	GlobalSection(SolutionProperties) = preSolution
		HideSolutionNode = FALSE
	EndGlobalSection
EndGlobal
