
Microsoft Visual Studio Solution File, Format Version 11.00
# Visual C# Express 2010
Project("{FAE04EC0-301F-11D3-BF4B-00C04F79EFBC}") = "01_HelloWorld", "01_HelloWorld\01_HelloWorld.csproj", "{D2D1A854-C35D-49EB-87D4-4EF3AEECB2B1}"
EndProject
Project("{FAE04EC0-301F-11D3-BF4B-00C04F79EFBC}") = "02_StructureCSharp", "02_StructureCSharp\02_StructureCSharp.csproj", "{729004FF-0B2B-4D90-B6C4-AFA562D1D5F9}"
EndProject
Project("{FAE04EC0-301F-11D3-BF4B-00C04F79EFBC}") = "02_BuildAndRun", "02_BuildAndRun\02_BuildAndRun.csproj", "{93558994-E649-4957-AC08-F3776BCAB2AC}"
EndProject
Project("{FAE04EC0-301F-11D3-BF4B-00C04F79EFBC}") = "03_ReadWrite", "03_ReadWrite\03_ReadWrite.csproj", "{75D166C8-4F54-4C21-940D-D81160485213}"
EndProject
Project("{FAE04EC0-301F-11D3-BF4B-00C04F79EFBC}") = "03_Conditionals", "03_Conditionals\03_Conditionals.csproj", "{A5F6B5B6-4D79-4D11-B5FB-F985D243CEE8}"
EndProject
Project("{FAE04EC0-301F-11D3-BF4B-00C04F79EFBC}") = "03_ConstAndEnum", "03_ConstAndEnum\03_ConstAndEnum.csproj", "{59114143-ABFE-4E88-B04E-21C071B104B0}"
EndProject
Project("{FAE04EC0-301F-11D3-BF4B-00C04F79EFBC}") = "03_Loops", "03_Loops\03_Loops.csproj", "{0180C841-8209-4FCE-8F81-9260CA6E0AE6}"
EndProject
Project("{FAE04EC0-301F-11D3-BF4B-00C04F79EFBC}") = "04_Numbers", "04_Numbers\04_Numbers.csproj", "{8728FF6A-7729-4AEA-91A9-061921D09A21}"
EndProject
Project("{FAE04EC0-301F-11D3-BF4B-00C04F79EFBC}") = "04_CharsAndStrings", "04_CharsAndStrings\04_CharsAndStrings.csproj", "{2405F8F1-98DD-4269-B716-A5FF623811C9}"
EndProject
Project("{FAE04EC0-301F-11D3-BF4B-00C04F79EFBC}") = "05_AccessModifier", "05_AccessModifier\05_AccessModifier.csproj", "{CBE6C328-8734-4F5E-BEFD-ED9CE221B1A8}"
EndProject
Project("{FAE04EC0-301F-11D3-BF4B-00C04F79EFBC}") = "05_DefiningProperties", "05_DefiningProperties\05_DefiningProperties.csproj", "{AE769B4A-0391-4D0F-BE3F-03A39264806B}"
EndProject
Project("{FAE04EC0-301F-11D3-BF4B-00C04F79EFBC}") = "05_ValAndRefTypes", "05_ValAndRefTypes\05_ValAndRefTypes.csproj", "{42168238-A8B9-45F8-8D14-AD5B66D587C2}"
EndProject
Project("{FAE04EC0-301F-11D3-BF4B-00C04F79EFBC}") = "06_Queues", "06_Queues\06_Queues.csproj", "{79CD2518-AE56-4776-9C8A-543EAA23A7C3}"
EndProject
Project("{FAE04EC0-301F-11D3-BF4B-00C04F79EFBC}") = "06_Hashtables", "06_Hashtables\06_Hashtables.csproj", "{E2C82756-F27B-4D2C-9E2D-6303CFCCD5A3}"
EndProject
Project("{FAE04EC0-301F-11D3-BF4B-00C04F79EFBC}") = "07_MethodOverloading", "07_MethodOverloading\07_MethodOverloading.csproj", "{24FABBC8-84AB-430A-B9BF-42C797871FA4}"
EndProject
Project("{FAE04EC0-301F-11D3-BF4B-00C04F79EFBC}") = "07_MethodOverriding", "07_MethodOverriding\07_MethodOverriding.csproj", "{5A6DEDE1-D6A6-49D4-9D6F-5B1B73EFB884}"
EndProject
Project("{FAE04EC0-301F-11D3-BF4B-00C04F79EFBC}") = "07_AbstractClasses", "07_AbstractClasses\07_AbstractClasses.csproj", "{6E958D8C-DD09-4A3A-894B-070FAAB03447}"
EndProject
Project("{FAE04EC0-301F-11D3-BF4B-00C04F79EFBC}") = "07_SealedClasses", "07_SealedClasses\07_SealedClasses.csproj", "{C8D0738F-0ABC-4ACC-9CBF-A69FBEA2BC07}"
EndProject
Project("{FAE04EC0-301F-11D3-BF4B-00C04F79EFBC}") = "07_UsingStructs", "07_UsingStructs\07_UsingStructs.csproj", "{F0996D10-690A-40E1-B793-7373C33D416D}"
EndProject
Project("{FAE04EC0-301F-11D3-BF4B-00C04F79EFBC}") = "07_UsingInterfaces", "07_UsingInterfaces\07_UsingInterfaces.csproj", "{B9673319-F80B-466A-9571-3B9B1B1EA490}"
EndProject
Project("{FAE04EC0-301F-11D3-BF4B-00C04F79EFBC}") = "08_UsingExceptions", "08_UsingExceptions\08_UsingExceptions.csproj", "{D1314CB1-1E22-4BB5-AE73-A40BE9CDB63C}"
EndProject
Project("{FAE04EC0-301F-11D3-BF4B-00C04F79EFBC}") = "08_ExceptionObjects", "08_ExceptionObjects\08_ExceptionObjects.csproj", "{D84B1A5A-C4E5-40E4-9505-DEC115AF967B}"
EndProject
Project("{FAE04EC0-301F-11D3-BF4B-00C04F79EFBC}") = "08_CustomExceptions", "08_CustomExceptions\08_CustomExceptions.csproj", "{79A38E15-67C3-4AE1-8A12-7181D7E453F1}"
EndProject
Project("{FAE04EC0-301F-11D3-BF4B-00C04F79EFBC}") = "08_RethrowingExceptions", "08_RethrowingExceptions\08_RethrowingExceptions.csproj", "{F132D217-B2F7-4F3D-936A-430175011F25}"
EndProject
Project("{FAE04EC0-301F-11D3-BF4B-00C04F79EFBC}") = "09_ExistingFiles", "09_ExistingFiles\09_ExistingFiles.csproj", "{DFA69163-4F3A-4FAE-A6C2-729D28730B23}"
EndProject
Project("{FAE04EC0-301F-11D3-BF4B-00C04F79EFBC}") = "09_ExistingDir", "09_ExistingDir\09_ExistingDir.csproj", "{D6C50E0B-F8F3-448E-831C-7FC3265DABE3}"
EndProject
Project("{FAE04EC0-301F-11D3-BF4B-00C04F79EFBC}") = "09_PathOperations", "09_PathOperations\09_PathOperations.csproj", "{676FD5B2-8915-4B21-B2FF-752861271168}"
EndProject
Project("{FAE04EC0-301F-11D3-BF4B-00C04F79EFBC}") = "09_ReadingWritingFile", "09_ReadingWritingFile\09_ReadingWritingFile.csproj", "{69BA384B-7A45-4FA0-9595-5A332C8EECA5}"
EndProject
Project("{FAE04EC0-301F-11D3-BF4B-00C04F79EFBC}") = "06_Arrays", "06_Arrays\06_Arrays.csproj", "{91DB2705-3156-4B5A-873D-0C3A4AA4F494}"
EndProject
Project("{FAE04EC0-301F-11D3-BF4B-00C04F79EFBC}") = "06_Stacks", "06_Stacks\06_Stacks.csproj", "{264C61FD-DAC6-4361-B35B-94375D26A028}"
EndProject
Project("{FAE04EC0-301F-11D3-BF4B-00C04F79EFBC}") = "06_ArrayLists", "06_ArrayLists\06_ArrayLists.csproj", "{BF1B34FD-2E7F-4C2D-B593-375EA80A3677}"
EndProject
Project("{FAE04EC0-301F-11D3-BF4B-00C04F79EFBC}") = "03_Functions", "03_Functions\03_Functions.csproj", "{76D3F94A-A1F2-4BCE-84CF-FB1BA728DD13}"
EndProject
Project("{FAE04EC0-301F-11D3-BF4B-00C04F79EFBC}") = "05_DefiningAClass", "05_DefiningAClass\05_DefiningAClass.csproj", "{D8F839B5-E3F0-4E13-86EC-333E67289DF3}"
EndProject
Project("{FAE04EC0-301F-11D3-BF4B-00C04F79EFBC}") = "10_VariableParams", "10_VariableParams\10_VariableParams.csproj", "{A4D6D393-81DF-44BE-A4CD-AEB101D9EBA7}"
EndProject
Project("{FAE04EC0-301F-11D3-BF4B-00C04F79EFBC}") = "10_FuncParamModifiers", "10_FuncParamModifiers\10_FuncParamModifiers.csproj", "{1D178531-499B-4FDF-8541-F53A31FA5E8A}"
EndProject
Project("{FAE04EC0-301F-11D3-BF4B-00C04F79EFBC}") = "10_NamedOptionalParams", "10_NamedOptionalParams\10_NamedOptionalParams.csproj", "{75A578CB-136D-49BE-A7D1-D81BC74FAD2A}"
EndProject
Project("{FAE04EC0-301F-11D3-BF4B-00C04F79EFBC}") = "10_PreprocessorDirectives", "10_PreprocessorDirectives\10_PreprocessorDirectives.csproj", "{2E1B051E-86BD-4D93-B871-C994B949F993}"
EndProject
Project("{FAE04EC0-301F-11D3-BF4B-00C04F79EFBC}") = "10_EventExample", "10_EventExample\10_EventExample.csproj", "{3D12EBAE-ED0A-4504-9BBF-258880F9B800}"
EndProject
Project("{FAE04EC0-301F-11D3-BF4B-00C04F79EFBC}") = "11_GarbageCollection", "11_GarbageCollection\11_GarbageCollection.csproj", "{C8205190-520D-482D-B716-4EE8396AEC4E}"
EndProject
Project("{FAE04EC0-301F-11D3-BF4B-00C04F79EFBC}") = "10_UsingDelegates", "10_UsingDelegates\10_UsingDelegates.csproj", "{D742DCC8-F169-418F-9DA5-805E4C35AFB5}"
EndProject
Project("{FAE04EC0-301F-11D3-BF4B-00C04F79EFBC}") = "12_DebugAndTrace", "12_DebugAndTrace\12_DebugAndTrace.csproj", "{F865E87E-F0D1-4A9B-AED6-665E205F4CFC}"
EndProject
Global
	GlobalSection(SolutionConfigurationPlatforms) = preSolution
		Debug|x86 = Debug|x86
		Release|x86 = Release|x86
	EndGlobalSection
	GlobalSection(ProjectConfigurationPlatforms) = postSolution
		{D2D1A854-C35D-49EB-87D4-4EF3AEECB2B1}.Debug|x86.ActiveCfg = Debug|x86
		{D2D1A854-C35D-49EB-87D4-4EF3AEECB2B1}.Debug|x86.Build.0 = Debug|x86
		{D2D1A854-C35D-49EB-87D4-4EF3AEECB2B1}.Release|x86.ActiveCfg = Release|x86
		{D2D1A854-C35D-49EB-87D4-4EF3AEECB2B1}.Release|x86.Build.0 = Release|x86
		{729004FF-0B2B-4D90-B6C4-AFA562D1D5F9}.Debug|x86.ActiveCfg = Debug|x86
		{729004FF-0B2B-4D90-B6C4-AFA562D1D5F9}.Debug|x86.Build.0 = Debug|x86
		{729004FF-0B2B-4D90-B6C4-AFA562D1D5F9}.Release|x86.ActiveCfg = Release|x86
		{729004FF-0B2B-4D90-B6C4-AFA562D1D5F9}.Release|x86.Build.0 = Release|x86
		{93558994-E649-4957-AC08-F3776BCAB2AC}.Debug|x86.ActiveCfg = Debug|x86
		{93558994-E649-4957-AC08-F3776BCAB2AC}.Debug|x86.Build.0 = Debug|x86
		{93558994-E649-4957-AC08-F3776BCAB2AC}.Release|x86.ActiveCfg = Release|x86
		{93558994-E649-4957-AC08-F3776BCAB2AC}.Release|x86.Build.0 = Release|x86
		{75D166C8-4F54-4C21-940D-D81160485213}.Debug|x86.ActiveCfg = Debug|x86
		{75D166C8-4F54-4C21-940D-D81160485213}.Debug|x86.Build.0 = Debug|x86
		{75D166C8-4F54-4C21-940D-D81160485213}.Release|x86.ActiveCfg = Release|x86
		{75D166C8-4F54-4C21-940D-D81160485213}.Release|x86.Build.0 = Release|x86
		{A5F6B5B6-4D79-4D11-B5FB-F985D243CEE8}.Debug|x86.ActiveCfg = Debug|x86
		{A5F6B5B6-4D79-4D11-B5FB-F985D243CEE8}.Debug|x86.Build.0 = Debug|x86
		{A5F6B5B6-4D79-4D11-B5FB-F985D243CEE8}.Release|x86.ActiveCfg = Release|x86
		{A5F6B5B6-4D79-4D11-B5FB-F985D243CEE8}.Release|x86.Build.0 = Release|x86
		{59114143-ABFE-4E88-B04E-21C071B104B0}.Debug|x86.ActiveCfg = Debug|x86
		{59114143-ABFE-4E88-B04E-21C071B104B0}.Debug|x86.Build.0 = Debug|x86
		{59114143-ABFE-4E88-B04E-21C071B104B0}.Release|x86.ActiveCfg = Release|x86
		{59114143-ABFE-4E88-B04E-21C071B104B0}.Release|x86.Build.0 = Release|x86
		{0180C841-8209-4FCE-8F81-9260CA6E0AE6}.Debug|x86.ActiveCfg = Debug|x86
		{0180C841-8209-4FCE-8F81-9260CA6E0AE6}.Debug|x86.Build.0 = Debug|x86
		{0180C841-8209-4FCE-8F81-9260CA6E0AE6}.Release|x86.ActiveCfg = Release|x86
		{0180C841-8209-4FCE-8F81-9260CA6E0AE6}.Release|x86.Build.0 = Release|x86
		{8728FF6A-7729-4AEA-91A9-061921D09A21}.Debug|x86.ActiveCfg = Debug|x86
		{8728FF6A-7729-4AEA-91A9-061921D09A21}.Debug|x86.Build.0 = Debug|x86
		{8728FF6A-7729-4AEA-91A9-061921D09A21}.Release|x86.ActiveCfg = Release|x86
		{8728FF6A-7729-4AEA-91A9-061921D09A21}.Release|x86.Build.0 = Release|x86
		{2405F8F1-98DD-4269-B716-A5FF623811C9}.Debug|x86.ActiveCfg = Debug|x86
		{2405F8F1-98DD-4269-B716-A5FF623811C9}.Debug|x86.Build.0 = Debug|x86
		{2405F8F1-98DD-4269-B716-A5FF623811C9}.Release|x86.ActiveCfg = Release|x86
		{2405F8F1-98DD-4269-B716-A5FF623811C9}.Release|x86.Build.0 = Release|x86
		{CBE6C328-8734-4F5E-BEFD-ED9CE221B1A8}.Debug|x86.ActiveCfg = Debug|x86
		{CBE6C328-8734-4F5E-BEFD-ED9CE221B1A8}.Debug|x86.Build.0 = Debug|x86
		{CBE6C328-8734-4F5E-BEFD-ED9CE221B1A8}.Release|x86.ActiveCfg = Release|x86
		{CBE6C328-8734-4F5E-BEFD-ED9CE221B1A8}.Release|x86.Build.0 = Release|x86
		{AE769B4A-0391-4D0F-BE3F-03A39264806B}.Debug|x86.ActiveCfg = Debug|x86
		{AE769B4A-0391-4D0F-BE3F-03A39264806B}.Debug|x86.Build.0 = Debug|x86
		{AE769B4A-0391-4D0F-BE3F-03A39264806B}.Release|x86.ActiveCfg = Release|x86
		{AE769B4A-0391-4D0F-BE3F-03A39264806B}.Release|x86.Build.0 = Release|x86
		{42168238-A8B9-45F8-8D14-AD5B66D587C2}.Debug|x86.ActiveCfg = Debug|x86
		{42168238-A8B9-45F8-8D14-AD5B66D587C2}.Debug|x86.Build.0 = Debug|x86
		{42168238-A8B9-45F8-8D14-AD5B66D587C2}.Release|x86.ActiveCfg = Release|x86
		{42168238-A8B9-45F8-8D14-AD5B66D587C2}.Release|x86.Build.0 = Release|x86
		{79CD2518-AE56-4776-9C8A-543EAA23A7C3}.Debug|x86.ActiveCfg = Debug|x86
		{79CD2518-AE56-4776-9C8A-543EAA23A7C3}.Debug|x86.Build.0 = Debug|x86
		{79CD2518-AE56-4776-9C8A-543EAA23A7C3}.Release|x86.ActiveCfg = Release|x86
		{79CD2518-AE56-4776-9C8A-543EAA23A7C3}.Release|x86.Build.0 = Release|x86
		{E2C82756-F27B-4D2C-9E2D-6303CFCCD5A3}.Debug|x86.ActiveCfg = Debug|x86
		{E2C82756-F27B-4D2C-9E2D-6303CFCCD5A3}.Debug|x86.Build.0 = Debug|x86
		{E2C82756-F27B-4D2C-9E2D-6303CFCCD5A3}.Release|x86.ActiveCfg = Release|x86
		{E2C82756-F27B-4D2C-9E2D-6303CFCCD5A3}.Release|x86.Build.0 = Release|x86
		{24FABBC8-84AB-430A-B9BF-42C797871FA4}.Debug|x86.ActiveCfg = Debug|x86
		{24FABBC8-84AB-430A-B9BF-42C797871FA4}.Debug|x86.Build.0 = Debug|x86
		{24FABBC8-84AB-430A-B9BF-42C797871FA4}.Release|x86.ActiveCfg = Release|x86
		{24FABBC8-84AB-430A-B9BF-42C797871FA4}.Release|x86.Build.0 = Release|x86
		{5A6DEDE1-D6A6-49D4-9D6F-5B1B73EFB884}.Debug|x86.ActiveCfg = Debug|x86
		{5A6DEDE1-D6A6-49D4-9D6F-5B1B73EFB884}.Debug|x86.Build.0 = Debug|x86
		{5A6DEDE1-D6A6-49D4-9D6F-5B1B73EFB884}.Release|x86.ActiveCfg = Release|x86
		{5A6DEDE1-D6A6-49D4-9D6F-5B1B73EFB884}.Release|x86.Build.0 = Release|x86
		{6E958D8C-DD09-4A3A-894B-070FAAB03447}.Debug|x86.ActiveCfg = Debug|x86
		{6E958D8C-DD09-4A3A-894B-070FAAB03447}.Debug|x86.Build.0 = Debug|x86
		{6E958D8C-DD09-4A3A-894B-070FAAB03447}.Release|x86.ActiveCfg = Release|x86
		{6E958D8C-DD09-4A3A-894B-070FAAB03447}.Release|x86.Build.0 = Release|x86
		{C8D0738F-0ABC-4ACC-9CBF-A69FBEA2BC07}.Debug|x86.ActiveCfg = Debug|x86
		{C8D0738F-0ABC-4ACC-9CBF-A69FBEA2BC07}.Debug|x86.Build.0 = Debug|x86
		{C8D0738F-0ABC-4ACC-9CBF-A69FBEA2BC07}.Release|x86.ActiveCfg = Release|x86
		{C8D0738F-0ABC-4ACC-9CBF-A69FBEA2BC07}.Release|x86.Build.0 = Release|x86
		{F0996D10-690A-40E1-B793-7373C33D416D}.Debug|x86.ActiveCfg = Debug|x86
		{F0996D10-690A-40E1-B793-7373C33D416D}.Debug|x86.Build.0 = Debug|x86
		{F0996D10-690A-40E1-B793-7373C33D416D}.Release|x86.ActiveCfg = Release|x86
		{F0996D10-690A-40E1-B793-7373C33D416D}.Release|x86.Build.0 = Release|x86
		{B9673319-F80B-466A-9571-3B9B1B1EA490}.Debug|x86.ActiveCfg = Debug|x86
		{B9673319-F80B-466A-9571-3B9B1B1EA490}.Debug|x86.Build.0 = Debug|x86
		{B9673319-F80B-466A-9571-3B9B1B1EA490}.Release|x86.ActiveCfg = Release|x86
		{B9673319-F80B-466A-9571-3B9B1B1EA490}.Release|x86.Build.0 = Release|x86
		{D1314CB1-1E22-4BB5-AE73-A40BE9CDB63C}.Debug|x86.ActiveCfg = Debug|x86
		{D1314CB1-1E22-4BB5-AE73-A40BE9CDB63C}.Debug|x86.Build.0 = Debug|x86
		{D1314CB1-1E22-4BB5-AE73-A40BE9CDB63C}.Release|x86.ActiveCfg = Release|x86
		{D1314CB1-1E22-4BB5-AE73-A40BE9CDB63C}.Release|x86.Build.0 = Release|x86
		{D84B1A5A-C4E5-40E4-9505-DEC115AF967B}.Debug|x86.ActiveCfg = Debug|x86
		{D84B1A5A-C4E5-40E4-9505-DEC115AF967B}.Debug|x86.Build.0 = Debug|x86
		{D84B1A5A-C4E5-40E4-9505-DEC115AF967B}.Release|x86.ActiveCfg = Release|x86
		{D84B1A5A-C4E5-40E4-9505-DEC115AF967B}.Release|x86.Build.0 = Release|x86
		{79A38E15-67C3-4AE1-8A12-7181D7E453F1}.Debug|x86.ActiveCfg = Debug|x86
		{79A38E15-67C3-4AE1-8A12-7181D7E453F1}.Debug|x86.Build.0 = Debug|x86
		{79A38E15-67C3-4AE1-8A12-7181D7E453F1}.Release|x86.ActiveCfg = Release|x86
		{79A38E15-67C3-4AE1-8A12-7181D7E453F1}.Release|x86.Build.0 = Release|x86
		{F132D217-B2F7-4F3D-936A-430175011F25}.Debug|x86.ActiveCfg = Debug|x86
		{F132D217-B2F7-4F3D-936A-430175011F25}.Debug|x86.Build.0 = Debug|x86
		{F132D217-B2F7-4F3D-936A-430175011F25}.Release|x86.ActiveCfg = Release|x86
		{F132D217-B2F7-4F3D-936A-430175011F25}.Release|x86.Build.0 = Release|x86
		{DFA69163-4F3A-4FAE-A6C2-729D28730B23}.Debug|x86.ActiveCfg = Debug|x86
		{DFA69163-4F3A-4FAE-A6C2-729D28730B23}.Debug|x86.Build.0 = Debug|x86
		{DFA69163-4F3A-4FAE-A6C2-729D28730B23}.Release|x86.ActiveCfg = Release|x86
		{DFA69163-4F3A-4FAE-A6C2-729D28730B23}.Release|x86.Build.0 = Release|x86
		{D6C50E0B-F8F3-448E-831C-7FC3265DABE3}.Debug|x86.ActiveCfg = Debug|x86
		{D6C50E0B-F8F3-448E-831C-7FC3265DABE3}.Debug|x86.Build.0 = Debug|x86
		{D6C50E0B-F8F3-448E-831C-7FC3265DABE3}.Release|x86.ActiveCfg = Release|x86
		{D6C50E0B-F8F3-448E-831C-7FC3265DABE3}.Release|x86.Build.0 = Release|x86
		{676FD5B2-8915-4B21-B2FF-752861271168}.Debug|x86.ActiveCfg = Debug|x86
		{676FD5B2-8915-4B21-B2FF-752861271168}.Debug|x86.Build.0 = Debug|x86
		{676FD5B2-8915-4B21-B2FF-752861271168}.Release|x86.ActiveCfg = Release|x86
		{676FD5B2-8915-4B21-B2FF-752861271168}.Release|x86.Build.0 = Release|x86
		{69BA384B-7A45-4FA0-9595-5A332C8EECA5}.Debug|x86.ActiveCfg = Debug|x86
		{69BA384B-7A45-4FA0-9595-5A332C8EECA5}.Debug|x86.Build.0 = Debug|x86
		{69BA384B-7A45-4FA0-9595-5A332C8EECA5}.Release|x86.ActiveCfg = Release|x86
		{69BA384B-7A45-4FA0-9595-5A332C8EECA5}.Release|x86.Build.0 = Release|x86
		{91DB2705-3156-4B5A-873D-0C3A4AA4F494}.Debug|x86.ActiveCfg = Debug|x86
		{91DB2705-3156-4B5A-873D-0C3A4AA4F494}.Debug|x86.Build.0 = Debug|x86
		{91DB2705-3156-4B5A-873D-0C3A4AA4F494}.Release|x86.ActiveCfg = Release|x86
		{91DB2705-3156-4B5A-873D-0C3A4AA4F494}.Release|x86.Build.0 = Release|x86
		{264C61FD-DAC6-4361-B35B-94375D26A028}.Debug|x86.ActiveCfg = Debug|x86
		{264C61FD-DAC6-4361-B35B-94375D26A028}.Debug|x86.Build.0 = Debug|x86
		{264C61FD-DAC6-4361-B35B-94375D26A028}.Release|x86.ActiveCfg = Release|x86
		{264C61FD-DAC6-4361-B35B-94375D26A028}.Release|x86.Build.0 = Release|x86
		{BF1B34FD-2E7F-4C2D-B593-375EA80A3677}.Debug|x86.ActiveCfg = Debug|x86
		{BF1B34FD-2E7F-4C2D-B593-375EA80A3677}.Debug|x86.Build.0 = Debug|x86
		{BF1B34FD-2E7F-4C2D-B593-375EA80A3677}.Release|x86.ActiveCfg = Release|x86
		{BF1B34FD-2E7F-4C2D-B593-375EA80A3677}.Release|x86.Build.0 = Release|x86
		{76D3F94A-A1F2-4BCE-84CF-FB1BA728DD13}.Debug|x86.ActiveCfg = Debug|x86
		{76D3F94A-A1F2-4BCE-84CF-FB1BA728DD13}.Debug|x86.Build.0 = Debug|x86
		{76D3F94A-A1F2-4BCE-84CF-FB1BA728DD13}.Release|x86.ActiveCfg = Release|x86
		{76D3F94A-A1F2-4BCE-84CF-FB1BA728DD13}.Release|x86.Build.0 = Release|x86
		{D8F839B5-E3F0-4E13-86EC-333E67289DF3}.Debug|x86.ActiveCfg = Debug|x86
		{D8F839B5-E3F0-4E13-86EC-333E67289DF3}.Debug|x86.Build.0 = Debug|x86
		{D8F839B5-E3F0-4E13-86EC-333E67289DF3}.Release|x86.ActiveCfg = Release|x86
		{D8F839B5-E3F0-4E13-86EC-333E67289DF3}.Release|x86.Build.0 = Release|x86
		{A4D6D393-81DF-44BE-A4CD-AEB101D9EBA7}.Debug|x86.ActiveCfg = Debug|x86
		{A4D6D393-81DF-44BE-A4CD-AEB101D9EBA7}.Debug|x86.Build.0 = Debug|x86
		{A4D6D393-81DF-44BE-A4CD-AEB101D9EBA7}.Release|x86.ActiveCfg = Release|x86
		{A4D6D393-81DF-44BE-A4CD-AEB101D9EBA7}.Release|x86.Build.0 = Release|x86
		{1D178531-499B-4FDF-8541-F53A31FA5E8A}.Debug|x86.ActiveCfg = Debug|x86
		{1D178531-499B-4FDF-8541-F53A31FA5E8A}.Debug|x86.Build.0 = Debug|x86
		{1D178531-499B-4FDF-8541-F53A31FA5E8A}.Release|x86.ActiveCfg = Release|x86
		{1D178531-499B-4FDF-8541-F53A31FA5E8A}.Release|x86.Build.0 = Release|x86
		{75A578CB-136D-49BE-A7D1-D81BC74FAD2A}.Debug|x86.ActiveCfg = Debug|x86
		{75A578CB-136D-49BE-A7D1-D81BC74FAD2A}.Debug|x86.Build.0 = Debug|x86
		{75A578CB-136D-49BE-A7D1-D81BC74FAD2A}.Release|x86.ActiveCfg = Release|x86
		{75A578CB-136D-49BE-A7D1-D81BC74FAD2A}.Release|x86.Build.0 = Release|x86
		{2E1B051E-86BD-4D93-B871-C994B949F993}.Debug|x86.ActiveCfg = Debug|x86
		{2E1B051E-86BD-4D93-B871-C994B949F993}.Debug|x86.Build.0 = Debug|x86
		{2E1B051E-86BD-4D93-B871-C994B949F993}.Release|x86.ActiveCfg = Release|x86
		{2E1B051E-86BD-4D93-B871-C994B949F993}.Release|x86.Build.0 = Release|x86
		{3D12EBAE-ED0A-4504-9BBF-258880F9B800}.Debug|x86.ActiveCfg = Debug|x86
		{3D12EBAE-ED0A-4504-9BBF-258880F9B800}.Debug|x86.Build.0 = Debug|x86
		{3D12EBAE-ED0A-4504-9BBF-258880F9B800}.Release|x86.ActiveCfg = Release|x86
		{3D12EBAE-ED0A-4504-9BBF-258880F9B800}.Release|x86.Build.0 = Release|x86
		{C8205190-520D-482D-B716-4EE8396AEC4E}.Debug|x86.ActiveCfg = Debug|x86
		{C8205190-520D-482D-B716-4EE8396AEC4E}.Debug|x86.Build.0 = Debug|x86
		{C8205190-520D-482D-B716-4EE8396AEC4E}.Release|x86.ActiveCfg = Release|x86
		{C8205190-520D-482D-B716-4EE8396AEC4E}.Release|x86.Build.0 = Release|x86
		{D742DCC8-F169-418F-9DA5-805E4C35AFB5}.Debug|x86.ActiveCfg = Debug|x86
		{D742DCC8-F169-418F-9DA5-805E4C35AFB5}.Debug|x86.Build.0 = Debug|x86
		{D742DCC8-F169-418F-9DA5-805E4C35AFB5}.Release|x86.ActiveCfg = Release|x86
		{D742DCC8-F169-418F-9DA5-805E4C35AFB5}.Release|x86.Build.0 = Release|x86
		{F865E87E-F0D1-4A9B-AED6-665E205F4CFC}.Debug|x86.ActiveCfg = Debug|x86
		{F865E87E-F0D1-4A9B-AED6-665E205F4CFC}.Debug|x86.Build.0 = Debug|x86
		{F865E87E-F0D1-4A9B-AED6-665E205F4CFC}.Release|x86.ActiveCfg = Release|x86
		{F865E87E-F0D1-4A9B-AED6-665E205F4CFC}.Release|x86.Build.0 = Release|x86
	EndGlobalSection
	GlobalSection(SolutionProperties) = preSolution
		HideSolutionNode = FALSE
	EndGlobalSection
EndGlobal
